// !$*UTF8*$!
{
	archiveVersion = 1;
	classes = {
	};
	objectVersion = 55;
	objects = {

/* Begin PBXBuildFile section */
		18BA6C5827DF0BE40031405D /* AppDelegate.swift in Sources */ = {isa = PBXBuildFile; fileRef = 18BA6C5727DF0BE40031405D /* AppDelegate.swift */; };
		18BA6C5A27DF0BE40031405D /* SceneDelegate.swift in Sources */ = {isa = PBXBuildFile; fileRef = 18BA6C5927DF0BE40031405D /* SceneDelegate.swift */; };
		18BA6C5C27DF0BE40031405D /* MainViewController.swift in Sources */ = {isa = PBXBuildFile; fileRef = 18BA6C5B27DF0BE40031405D /* MainViewController.swift */; };
		18BA6C5F27DF0BE40031405D /* Main.storyboard in Resources */ = {isa = PBXBuildFile; fileRef = 18BA6C5D27DF0BE40031405D /* Main.storyboard */; };
		18BA6C6127DF0BE60031405D /* Assets.xcassets in Resources */ = {isa = PBXBuildFile; fileRef = 18BA6C6027DF0BE60031405D /* Assets.xcassets */; };
		18BA6C6427DF0BE60031405D /* LaunchScreen.storyboard in Resources */ = {isa = PBXBuildFile; fileRef = 18BA6C6227DF0BE60031405D /* LaunchScreen.storyboard */; };
		18BA6C6C27DF0C250031405D /* BGM.mp3 in Resources */ = {isa = PBXBuildFile; fileRef = 18BA6C6B27DF0C250031405D /* BGM.mp3 */; };
		18BA6C6E27DF0C540031405D /* DeviceConfig.swift in Sources */ = {isa = PBXBuildFile; fileRef = 18BA6C6D27DF0C540031405D /* DeviceConfig.swift */; };
		18BA6C7027DF0C810031405D /* StartViewController.swift in Sources */ = {isa = PBXBuildFile; fileRef = 18BA6C6F27DF0C810031405D /* StartViewController.swift */; };
		18BA6C7227DF0E590031405D /* Menu.swift in Sources */ = {isa = PBXBuildFile; fileRef = 18BA6C7127DF0E590031405D /* Menu.swift */; };
		18BA6C7527DF0EE20031405D /* InfoPlist.strings in Resources */ = {isa = PBXBuildFile; fileRef = 18BA6C7427DF0EE20031405D /* InfoPlist.strings */; };
		18BA6C7927DF11040031405D /* GoogleService-Info.plist in Resources */ = {isa = PBXBuildFile; fileRef = 18BA6C7827DF11040031405D /* GoogleService-Info.plist */; };
		61772B6BFEF0D3CF51E7C27B /* Pods_GschoolMeal.framework in Frameworks */ = {isa = PBXBuildFile; fileRef = D4DC7AF724647E43BE0B1985 /* Pods_GschoolMeal.framework */; };
/* End PBXBuildFile section */

/* Begin PBXFileReference section */
		18BA6C5427DF0BE40031405D /* GschoolMeal.app */ = {isa = PBXFileReference; explicitFileType = wrapper.application; includeInIndex = 0; path = GschoolMeal.app; sourceTree = BUILT_PRODUCTS_DIR; };
		18BA6C5727DF0BE40031405D /* AppDelegate.swift */ = {isa = PBXFileReference; lastKnownFileType = sourcecode.swift; path = AppDelegate.swift; sourceTree = "<group>"; };
		18BA6C5927DF0BE40031405D /* SceneDelegate.swift */ = {isa = PBXFileReference; lastKnownFileType = sourcecode.swift; path = SceneDelegate.swift; sourceTree = "<group>"; };
		18BA6C5B27DF0BE40031405D /* MainViewController.swift */ = {isa = PBXFileReference; lastKnownFileType = sourcecode.swift; path = MainViewController.swift; sourceTree = "<group>"; };
		18BA6C5E27DF0BE40031405D /* Base */ = {isa = PBXFileReference; lastKnownFileType = file.storyboard; name = Base; path = Base.lproj/Main.storyboard; sourceTree = "<group>"; };
		18BA6C6027DF0BE60031405D /* Assets.xcassets */ = {isa = PBXFileReference; lastKnownFileType = folder.assetcatalog; path = Assets.xcassets; sourceTree = "<group>"; };
		18BA6C6327DF0BE60031405D /* Base */ = {isa = PBXFileReference; lastKnownFileType = file.storyboard; name = Base; path = Base.lproj/LaunchScreen.storyboard; sourceTree = "<group>"; };
		18BA6C6527DF0BE60031405D /* Info.plist */ = {isa = PBXFileReference; lastKnownFileType = text.plist.xml; path = Info.plist; sourceTree = "<group>"; };
		18BA6C6B27DF0C250031405D /* BGM.mp3 */ = {isa = PBXFileReference; lastKnownFileType = audio.mp3; path = BGM.mp3; sourceTree = "<group>"; };
		18BA6C6D27DF0C540031405D /* DeviceConfig.swift */ = {isa = PBXFileReference; lastKnownFileType = sourcecode.swift; path = DeviceConfig.swift; sourceTree = "<group>"; };
		18BA6C6F27DF0C810031405D /* StartViewController.swift */ = {isa = PBXFileReference; lastKnownFileType = sourcecode.swift; path = StartViewController.swift; sourceTree = "<group>"; };
		18BA6C7127DF0E590031405D /* Menu.swift */ = {isa = PBXFileReference; lastKnownFileType = sourcecode.swift; path = Menu.swift; sourceTree = "<group>"; };
		18BA6C7427DF0EE20031405D /* InfoPlist.strings */ = {isa = PBXFileReference; lastKnownFileType = text.plist.strings; path = InfoPlist.strings; sourceTree = "<group>"; };
		18BA6C7827DF11040031405D /* GoogleService-Info.plist */ = {isa = PBXFileReference; fileEncoding = 4; lastKnownFileType = text.plist.xml; path = "GoogleService-Info.plist"; sourceTree = "<group>"; };
		374ACCAE4F870F91FEC1EFCD /* Pods-GschoolMeal.release.xcconfig */ = {isa = PBXFileReference; includeInIndex = 1; lastKnownFileType = text.xcconfig; name = "Pods-GschoolMeal.release.xcconfig"; path = "Target Support Files/Pods-GschoolMeal/Pods-GschoolMeal.release.xcconfig"; sourceTree = "<group>"; };
		D4DC7AF724647E43BE0B1985 /* Pods_GschoolMeal.framework */ = {isa = PBXFileReference; explicitFileType = wrapper.framework; includeInIndex = 0; path = Pods_GschoolMeal.framework; sourceTree = BUILT_PRODUCTS_DIR; };
		F2C7FEB775B17E4A42CB4303 /* Pods-GschoolMeal.debug.xcconfig */ = {isa = PBXFileReference; includeInIndex = 1; lastKnownFileType = text.xcconfig; name = "Pods-GschoolMeal.debug.xcconfig"; path = "Target Support Files/Pods-GschoolMeal/Pods-GschoolMeal.debug.xcconfig"; sourceTree = "<group>"; };
/* End PBXFileReference section */

/* Begin PBXFrameworksBuildPhase section */
		18BA6C5127DF0BE40031405D /* Frameworks */ = {
			isa = PBXFrameworksBuildPhase;
			buildActionMask = 2147483647;
			files = (
				61772B6BFEF0D3CF51E7C27B /* Pods_GschoolMeal.framework in Frameworks */,
			);
			runOnlyForDeploymentPostprocessing = 0;
		};
/* End PBXFrameworksBuildPhase section */

/* Begin PBXGroup section */
		18BA6C4B27DF0BE40031405D = {
			isa = PBXGroup;
			children = (
				18BA6C5627DF0BE40031405D /* GschoolMeal */,
				18BA6C5527DF0BE40031405D /* Products */,
				E0A4895F27031EDF954BA873 /* Pods */,
				93A9B23774AB671AA7817B92 /* Frameworks */,
			);
			sourceTree = "<group>";
		};
		18BA6C5527DF0BE40031405D /* Products */ = {
			isa = PBXGroup;
			children = (
				18BA6C5427DF0BE40031405D /* GschoolMeal.app */,
			);
			name = Products;
			sourceTree = "<group>";
		};
		18BA6C5627DF0BE40031405D /* GschoolMeal */ = {
			isa = PBXGroup;
			children = (
				18BA6C6B27DF0C250031405D /* BGM.mp3 */,
				18BA6C5727DF0BE40031405D /* AppDelegate.swift */,
				18BA6C5927DF0BE40031405D /* SceneDelegate.swift */,
				18BA6C6D27DF0C540031405D /* DeviceConfig.swift */,
				18BA6C6F27DF0C810031405D /* StartViewController.swift */,
				18BA6C5B27DF0BE40031405D /* MainViewController.swift */,
				18BA6C7127DF0E590031405D /* Menu.swift */,
				18BA6C5D27DF0BE40031405D /* Main.storyboard */,
				18BA6C6027DF0BE60031405D /* Assets.xcassets */,
				18BA6C6227DF0BE60031405D /* LaunchScreen.storyboard */,
				18BA6C7427DF0EE20031405D /* InfoPlist.strings */,
				18BA6C6527DF0BE60031405D /* Info.plist */,
				18BA6C7827DF11040031405D /* GoogleService-Info.plist */,
			);
			path = GschoolMeal;
			sourceTree = "<group>";
		};
		93A9B23774AB671AA7817B92 /* Frameworks */ = {
			isa = PBXGroup;
			children = (
				D4DC7AF724647E43BE0B1985 /* Pods_GschoolMeal.framework */,
			);
			name = Frameworks;
			sourceTree = "<group>";
		};
		E0A4895F27031EDF954BA873 /* Pods */ = {
			isa = PBXGroup;
			children = (
				F2C7FEB775B17E4A42CB4303 /* Pods-GschoolMeal.debug.xcconfig */,
				374ACCAE4F870F91FEC1EFCD /* Pods-GschoolMeal.release.xcconfig */,
			);
			path = Pods;
			sourceTree = "<group>";
		};
/* End PBXGroup section */

/* Begin PBXNativeTarget section */
		18BA6C5327DF0BE40031405D /* GschoolMeal */ = {
			isa = PBXNativeTarget;
			buildConfigurationList = 18BA6C6827DF0BE60031405D /* Build configuration list for PBXNativeTarget "GschoolMeal" */;
			buildPhases = (
				1EC3CEE5E9B0C133A6FFDB25 /* [CP] Check Pods Manifest.lock */,
				18BA6C5027DF0BE40031405D /* Sources */,
				18BA6C5127DF0BE40031405D /* Frameworks */,
				18BA6C5227DF0BE40031405D /* Resources */,
				C3BB49E81F607E0F6AC006FD /* [CP] Embed Pods Frameworks */,
			);
			buildRules = (
			);
			dependencies = (
			);
			name = GschoolMeal;
			productName = GschoolMeal;
			productReference = 18BA6C5427DF0BE40031405D /* GschoolMeal.app */;
			productType = "com.apple.product-type.application";
		};
/* End PBXNativeTarget section */

/* Begin PBXProject section */
		18BA6C4C27DF0BE40031405D /* Project object */ = {
			isa = PBXProject;
			attributes = {
				BuildIndependentTargetsInParallel = 1;
				LastSwiftUpdateCheck = 1320;
				LastUpgradeCheck = 1320;
				TargetAttributes = {
					18BA6C5327DF0BE40031405D = {
						CreatedOnToolsVersion = 13.2.1;
					};
				};
			};
			buildConfigurationList = 18BA6C4F27DF0BE40031405D /* Build configuration list for PBXProject "GschoolMeal" */;
			compatibilityVersion = "Xcode 13.0";
			developmentRegion = en;
			hasScannedForEncodings = 0;
			knownRegions = (
				en,
				Base,
			);
			mainGroup = 18BA6C4B27DF0BE40031405D;
			productRefGroup = 18BA6C5527DF0BE40031405D /* Products */;
			projectDirPath = "";
			projectRoot = "";
			targets = (
				18BA6C5327DF0BE40031405D /* GschoolMeal */,
			);
		};
/* End PBXProject section */

/* Begin PBXResourcesBuildPhase section */
		18BA6C5227DF0BE40031405D /* Resources */ = {
			isa = PBXResourcesBuildPhase;
			buildActionMask = 2147483647;
			files = (
				18BA6C6427DF0BE60031405D /* LaunchScreen.storyboard in Resources */,
				18BA6C6127DF0BE60031405D /* Assets.xcassets in Resources */,
				18BA6C5F27DF0BE40031405D /* Main.storyboard in Resources */,
				18BA6C6C27DF0C250031405D /* BGM.mp3 in Resources */,
				18BA6C7527DF0EE20031405D /* InfoPlist.strings in Resources */,
				18BA6C7927DF11040031405D /* GoogleService-Info.plist in Resources */,
			);
			runOnlyForDeploymentPostprocessing = 0;
		};
/* End PBXResourcesBuildPhase section */

/* Begin PBXShellScriptBuildPhase section */
		1EC3CEE5E9B0C133A6FFDB25 /* [CP] Check Pods Manifest.lock */ = {
			isa = PBXShellScriptBuildPhase;
			buildActionMask = 2147483647;
			files = (
			);
			inputFileListPaths = (
			);
			inputPaths = (
				"${PODS_PODFILE_DIR_PATH}/Podfile.lock",
				"${PODS_ROOT}/Manifest.lock",
			);
			name = "[CP] Check Pods Manifest.lock";
			outputFileListPaths = (
			);
			outputPaths = (
				"$(DERIVED_FILE_DIR)/Pods-GschoolMeal-checkManifestLockResult.txt",
			);
			runOnlyForDeploymentPostprocessing = 0;
			shellPath = /bin/sh;
			shellScript = "diff \"${PODS_PODFILE_DIR_PATH}/Podfile.lock\" \"${PODS_ROOT}/Manifest.lock\" > /dev/null\nif [ $? != 0 ] ; then\n    # print error to STDERR\n    echo \"error: The sandbox is not in sync with the Podfile.lock. Run 'pod install' or update your CocoaPods installation.\" >&2\n    exit 1\nfi\n# This output is used by Xcode 'outputs' to avoid re-running this script phase.\necho \"SUCCESS\" > \"${SCRIPT_OUTPUT_FILE_0}\"\n";
			showEnvVarsInLog = 0;
		};
		C3BB49E81F607E0F6AC006FD /* [CP] Embed Pods Frameworks */ = {
			isa = PBXShellScriptBuildPhase;
			buildActionMask = 2147483647;
			files = (
			);
			inputFileListPaths = (
				"${PODS_ROOT}/Target Support Files/Pods-GschoolMeal/Pods-GschoolMeal-frameworks-${CONFIGURATION}-input-files.xcfilelist",
			);
			name = "[CP] Embed Pods Frameworks";
			outputFileListPaths = (
				"${PODS_ROOT}/Target Support Files/Pods-GschoolMeal/Pods-GschoolMeal-frameworks-${CONFIGURATION}-output-files.xcfilelist",
			);
			runOnlyForDeploymentPostprocessing = 0;
			shellPath = /bin/sh;
			shellScript = "\"${PODS_ROOT}/Target Support Files/Pods-GschoolMeal/Pods-GschoolMeal-frameworks.sh\"\n";
			showEnvVarsInLog = 0;
		};
/* End PBXShellScriptBuildPhase section */

/* Begin PBXSourcesBuildPhase section */
		18BA6C5027DF0BE40031405D /* Sources */ = {
			isa = PBXSourcesBuildPhase;
			buildActionMask = 2147483647;
			files = (
				18BA6C7227DF0E590031405D /* Menu.swift in Sources */,
				18BA6C7027DF0C810031405D /* StartViewController.swift in Sources */,
				18BA6C5C27DF0BE40031405D /* MainViewController.swift in Sources */,
				18BA6C5827DF0BE40031405D /* AppDelegate.swift in Sources */,
				18BA6C5A27DF0BE40031405D /* SceneDelegate.swift in Sources */,
				18BA6C6E27DF0C540031405D /* DeviceConfig.swift in Sources */,
			);
			runOnlyForDeploymentPostprocessing = 0;
		};
/* End PBXSourcesBuildPhase section */

/* Begin PBXVariantGroup section */
		18BA6C5D27DF0BE40031405D /* Main.storyboard */ = {
			isa = PBXVariantGroup;
			children = (
				18BA6C5E27DF0BE40031405D /* Base */,
			);
			name = Main.storyboard;
			sourceTree = "<group>";
		};
		18BA6C6227DF0BE60031405D /* LaunchScreen.storyboard */ = {
			isa = PBXVariantGroup;
			children = (
				18BA6C6327DF0BE60031405D /* Base */,
			);
			name = LaunchScreen.storyboard;
			sourceTree = "<group>";
		};
/* End PBXVariantGroup section */

/* Begin XCBuildConfiguration section */
		18BA6C6627DF0BE60031405D /* Debug */ = {
			isa = XCBuildConfiguration;
			buildSettings = {
				ALWAYS_SEARCH_USER_PATHS = NO;
				CLANG_ANALYZER_NONNULL = YES;
				CLANG_ANALYZER_NUMBER_OBJECT_CONVERSION = YES_AGGRESSIVE;
				CLANG_CXX_LANGUAGE_STANDARD = "gnu++17";
				CLANG_CXX_LIBRARY = "libc++";
				CLANG_ENABLE_MODULES = YES;
				CLANG_ENABLE_OBJC_ARC = YES;
				CLANG_ENABLE_OBJC_WEAK = YES;
				CLANG_WARN_BLOCK_CAPTURE_AUTORELEASING = YES;
				CLANG_WARN_BOOL_CONVERSION = YES;
				CLANG_WARN_COMMA = YES;
				CLANG_WARN_CONSTANT_CONVERSION = YES;
				CLANG_WARN_DEPRECATED_OBJC_IMPLEMENTATIONS = YES;
				CLANG_WARN_DIRECT_OBJC_ISA_USAGE = YES_ERROR;
				CLANG_WARN_DOCUMENTATION_COMMENTS = YES;
				CLANG_WARN_EMPTY_BODY = YES;
				CLANG_WARN_ENUM_CONVERSION = YES;
				CLANG_WARN_INFINITE_RECURSION = YES;
				CLANG_WARN_INT_CONVERSION = YES;
				CLANG_WARN_NON_LITERAL_NULL_CONVERSION = YES;
				CLANG_WARN_OBJC_IMPLICIT_RETAIN_SELF = YES;
				CLANG_WARN_OBJC_LITERAL_CONVERSION = YES;
				CLANG_WARN_OBJC_ROOT_CLASS = YES_ERROR;
				CLANG_WARN_QUOTED_INCLUDE_IN_FRAMEWORK_HEADER = YES;
				CLANG_WARN_RANGE_LOOP_ANALYSIS = YES;
				CLANG_WARN_STRICT_PROTOTYPES = YES;
				CLANG_WARN_SUSPICIOUS_MOVE = YES;
				CLANG_WARN_UNGUARDED_AVAILABILITY = YES_AGGRESSIVE;
				CLANG_WARN_UNREACHABLE_CODE = YES;
				CLANG_WARN__DUPLICATE_METHOD_MATCH = YES;
				COPY_PHASE_STRIP = NO;
				DEBUG_INFORMATION_FORMAT = dwarf;
				ENABLE_STRICT_OBJC_MSGSEND = YES;
				ENABLE_TESTABILITY = YES;
				GCC_C_LANGUAGE_STANDARD = gnu11;
				GCC_DYNAMIC_NO_PIC = NO;
				GCC_NO_COMMON_BLOCKS = YES;
				GCC_OPTIMIZATION_LEVEL = 0;
				GCC_PREPROCESSOR_DEFINITIONS = (
					"DEBUG=1",
					"$(inherited)",
				);
				GCC_WARN_64_TO_32_BIT_CONVERSION = YES;
				GCC_WARN_ABOUT_RETURN_TYPE = YES_ERROR;
				GCC_WARN_UNDECLARED_SELECTOR = YES;
				GCC_WARN_UNINITIALIZED_AUTOS = YES_AGGRESSIVE;
				GCC_WARN_UNUSED_FUNCTION = YES;
				GCC_WARN_UNUSED_VARIABLE = YES;
				IPHONEOS_DEPLOYMENT_TARGET = 15.2;
				MTL_ENABLE_DEBUG_INFO = INCLUDE_SOURCE;
				MTL_FAST_MATH = YES;
				ONLY_ACTIVE_ARCH = YES;
				SDKROOT = iphoneos;
				SWIFT_ACTIVE_COMPILATION_CONDITIONS = DEBUG;
				SWIFT_OPTIMIZATION_LEVEL = "-Onone";
			};
			name = Debug;
		};
		18BA6C6727DF0BE60031405D /* Release */ = {
			isa = XCBuildConfiguration;
			buildSettings = {
				ALWAYS_SEARCH_USER_PATHS = NO;
				CLANG_ANALYZER_NONNULL = YES;
				CLANG_ANALYZER_NUMBER_OBJECT_CONVERSION = YES_AGGRESSIVE;
				CLANG_CXX_LANGUAGE_STANDARD = "gnu++17";
				CLANG_CXX_LIBRARY = "libc++";
				CLANG_ENABLE_MODULES = YES;
				CLANG_ENABLE_OBJC_ARC = YES;
				CLANG_ENABLE_OBJC_WEAK = YES;
				CLANG_WARN_BLOCK_CAPTURE_AUTORELEASING = YES;
				CLANG_WARN_BOOL_CONVERSION = YES;
				CLANG_WARN_COMMA = YES;
				CLANG_WARN_CONSTANT_CONVERSION = YES;
				CLANG_WARN_DEPRECATED_OBJC_IMPLEMENTATIONS = YES;
				CLANG_WARN_DIRECT_OBJC_ISA_USAGE = YES_ERROR;
				CLANG_WARN_DOCUMENTATION_COMMENTS = YES;
				CLANG_WARN_EMPTY_BODY = YES;
				CLANG_WARN_ENUM_CONVERSION = YES;
				CLANG_WARN_INFINITE_RECURSION = YES;
				CLANG_WARN_INT_CONVERSION = YES;
				CLANG_WARN_NON_LITERAL_NULL_CONVERSION = YES;
				CLANG_WARN_OBJC_IMPLICIT_RETAIN_SELF = YES;
				CLANG_WARN_OBJC_LITERAL_CONVERSION = YES;
				CLANG_WARN_OBJC_ROOT_CLASS = YES_ERROR;
				CLANG_WARN_QUOTED_INCLUDE_IN_FRAMEWORK_HEADER = YES;
				CLANG_WARN_RANGE_LOOP_ANALYSIS = YES;
				CLANG_WARN_STRICT_PROTOTYPES = YES;
				CLANG_WARN_SUSPICIOUS_MOVE = YES;
				CLANG_WARN_UNGUARDED_AVAILABILITY = YES_AGGRESSIVE;
				CLANG_WARN_UNREACHABLE_CODE = YES;
				CLANG_WARN__DUPLICATE_METHOD_MATCH = YES;
				COPY_PHASE_STRIP = NO;
				DEBUG_INFORMATION_FORMAT = "dwarf-with-dsym";
				ENABLE_NS_ASSERTIONS = NO;
				ENABLE_STRICT_OBJC_MSGSEND = YES;
				GCC_C_LANGUAGE_STANDARD = gnu11;
				GCC_NO_COMMON_BLOCKS = YES;
				GCC_WARN_64_TO_32_BIT_CONVERSION = YES;
				GCC_WARN_ABOUT_RETURN_TYPE = YES_ERROR;
				GCC_WARN_UNDECLARED_SELECTOR = YES;
				GCC_WARN_UNINITIALIZED_AUTOS = YES_AGGRESSIVE;
				GCC_WARN_UNUSED_FUNCTION = YES;
				GCC_WARN_UNUSED_VARIABLE = YES;
				IPHONEOS_DEPLOYMENT_TARGET = 15.2;
				MTL_ENABLE_DEBUG_INFO = NO;
				MTL_FAST_MATH = YES;
				SDKROOT = iphoneos;
				SWIFT_COMPILATION_MODE = wholemodule;
				SWIFT_OPTIMIZATION_LEVEL = "-O";
				VALIDATE_PRODUCT = YES;
			};
			name = Release;
		};
		18BA6C6927DF0BE60031405D /* Debug */ = {
			isa = XCBuildConfiguration;
			baseConfigurationReference = F2C7FEB775B17E4A42CB4303 /* Pods-GschoolMeal.debug.xcconfig */;
			buildSettings = {
				ASSETCATALOG_COMPILER_APPICON_NAME = AppIcon;
				ASSETCATALOG_COMPILER_GLOBAL_ACCENT_COLOR_NAME = AccentColor;
				CODE_SIGN_STYLE = Automatic;
				CURRENT_PROJECT_VERSION = 1;
				DEVELOPMENT_TEAM = 6JLYLDSW4U;
				GENERATE_INFOPLIST_FILE = YES;
				INFOPLIST_FILE = GschoolMeal/Info.plist;
				INFOPLIST_KEY_UIApplicationSupportsIndirectInputEvents = YES;
				INFOPLIST_KEY_UILaunchStoryboardName = LaunchScreen;
				INFOPLIST_KEY_UIMainStoryboardFile = Main;
				INFOPLIST_KEY_UISupportedInterfaceOrientations_iPad = "UIInterfaceOrientationPortrait UIInterfaceOrientationPortraitUpsideDown UIInterfaceOrientationLandscapeLeft UIInterfaceOrientationLandscapeRight";
				INFOPLIST_KEY_UISupportedInterfaceOrientations_iPhone = "UIInterfaceOrientationPortrait UIInterfaceOrientationLandscapeLeft UIInterfaceOrientationLandscapeRight";
				LD_RUNPATH_SEARCH_PATHS = (
					"$(inherited)",
					"@executable_path/Frameworks",
				);
				MARKETING_VERSION = 1.0;
				PRODUCT_BUNDLE_IDENTIFIER = com.dlrjsdn5012.GschoolMeal;
				PRODUCT_NAME = "$(TARGET_NAME)";
				SWIFT_EMIT_LOC_STRINGS = YES;
				SWIFT_VERSION = 5.0;
				TARGETED_DEVICE_FAMILY = "1,2";
			};
			name = Debug;
		};
		18BA6C6A27DF0BE60031405D /* Release */ = {
			isa = XCBuildConfiguration;
			baseConfigurationReference = 374ACCAE4F870F91FEC1EFCD /* Pods-GschoolMeal.release.xcconfig */;
			buildSettings = {
				ASSETCATALOG_COMPILER_APPICON_NAME = AppIcon;
				ASSETCATALOG_COMPILER_GLOBAL_ACCENT_COLOR_NAME = AccentColor;
				CODE_SIGN_STYLE = Automatic;
				CURRENT_PROJECT_VERSION = 1;
				DEVELOPMENT_TEAM = 6JLYLDSW4U;
				GENERATE_INFOPLIST_FILE = YES;
				INFOPLIST_FILE = GschoolMeal/Info.plist;
				INFOPLIST_KEY_UIApplicationSupportsIndirectInputEvents = YES;
				INFOPLIST_KEY_UILaunchStoryboardName = LaunchScreen;
				INFOPLIST_KEY_UIMainStoryboardFile = Main;
				INFOPLIST_KEY_UISupportedInterfaceOrientations_iPad = "UIInterfaceOrientationPortrait UIInterfaceOrientationPortraitUpsideDown UIInterfaceOrientationLandscapeLeft UIInterfaceOrientationLandscapeRight";
				INFOPLIST_KEY_UISupportedInterfaceOrientations_iPhone = "UIInterfaceOrientationPortrait UIInterfaceOrientationLandscapeLeft UIInterfaceOrientationLandscapeRight";
				LD_RUNPATH_SEARCH_PATHS = (
					"$(inherited)",
					"@executable_path/Frameworks",
				);
				MARKETING_VERSION = 1.0;
				PRODUCT_BUNDLE_IDENTIFIER = com.dlrjsdn5012.GschoolMeal;
				PRODUCT_NAME = "$(TARGET_NAME)";
				SWIFT_EMIT_LOC_STRINGS = YES;
				SWIFT_VERSION = 5.0;
				TARGETED_DEVICE_FAMILY = "1,2";
			};
			name = Release;
		};
/* End XCBuildConfiguration section */

/* Begin XCConfigurationList section */
		18BA6C4F27DF0BE40031405D /* Build configuration list for PBXProject "GschoolMeal" */ = {
			isa = XCConfigurationList;
			buildConfigurations = (
				18BA6C6627DF0BE60031405D /* Debug */,
				18BA6C6727DF0BE60031405D /* Release */,
			);
			defaultConfigurationIsVisible = 0;
			defaultConfigurationName = Release;
		};
		18BA6C6827DF0BE60031405D /* Build configuration list for PBXNativeTarget "GschoolMeal" */ = {
			isa = XCConfigurationList;
			buildConfigurations = (
				18BA6C6927DF0BE60031405D /* Debug */,
				18BA6C6A27DF0BE60031405D /* Release */,
			);
			defaultConfigurationIsVisible = 0;
			defaultConfigurationName = Release;
		};
/* End XCConfigurationList section */
	};
	rootObject = 18BA6C4C27DF0BE40031405D /* Project object */;
}
